
Microsoft Visual Studio Solution File, Format Version 12.00
# Visual Studio Version 17
VisualStudioVersion = 17.5.33424.131
MinimumVisualStudioVersion = 10.0.40219.1
Project("{FAE04EC0-301F-11D3-BF4B-00C04F79EFBC}") = "ConsoleApp3", "ConsoleApp3.csproj", "{DE6BC0A2-F88B-4AC9-AA8E-6C3C9CACD230}"
EndProject
Global
	GlobalSection(SolutionConfigurationPlatforms) = preSolution
		Debug|Any CPU = Debug|Any CPU
		Release|Any CPU = Release|Any CPU
	EndGlobalSection
	GlobalSection(ProjectConfigurationPlatforms) = postSolution
		{DE6BC0A2-F88B-4AC9-AA8E-6C3C9CACD230}.Debug|Any CPU.ActiveCfg = Debug|Any CPU
		{DE6BC0A2-F88B-4AC9-AA8E-6C3C9CACD230}.Debug|Any CPU.Build.0 = Debug|Any CPU
		{DE6BC0A2-F88B-4AC9-AA8E-6C3C9CACD230}.Release|Any CPU.ActiveCfg = Release|Any CPU
		{DE6BC0A2-F88B-4AC9-AA8E-6C3C9CACD230}.Release|Any CPU.Build.0 = Release|Any CPU
	EndGlobalSection
	GlobalSection(SolutionProperties) = preSolution
		HideSolutionNode = FALSE
	EndGlobalSection
	GlobalSection(ExtensibilityGlobals) = postSolution
		SolutionGuid = {09344EE5-332E-4D9B-A5D2-52A661EB653E}
	EndGlobalSection
EndGlobal
